// !$*UTF8*$!
{
	archiveVersion = 1;
	classes = {
	};
	objectVersion = 50;
	objects = {

/* Begin PBXBuildFile section */
		D04B64DE23CCAAD0008804CF /* AppDelegate.swift in Sources */ = {isa = PBXBuildFile; fileRef = D04B64DD23CCAAD0008804CF /* AppDelegate.swift */; };
		D04B64E023CCAAD0008804CF /* SceneDelegate.swift in Sources */ = {isa = PBXBuildFile; fileRef = D04B64DF23CCAAD0008804CF /* SceneDelegate.swift */; };
		D04B64E223CCAAD0008804CF /* ViewController.swift in Sources */ = {isa = PBXBuildFile; fileRef = D04B64E123CCAAD0008804CF /* ViewController.swift */; };
		D04B64E523CCAAD0008804CF /* Main.storyboard in Resources */ = {isa = PBXBuildFile; fileRef = D04B64E323CCAAD0008804CF /* Main.storyboard */; };
		D04B64E723CCAAD1008804CF /* Assets.xcassets in Resources */ = {isa = PBXBuildFile; fileRef = D04B64E623CCAAD1008804CF /* Assets.xcassets */; };
		D04B64EA23CCAAD1008804CF /* LaunchScreen.storyboard in Resources */ = {isa = PBXBuildFile; fileRef = D04B64E823CCAAD1008804CF /* LaunchScreen.storyboard */; };
/* End PBXBuildFile section */

/* Begin PBXFileReference section */
		D04B64DA23CCAAD0008804CF /* ReusableXibViews.app */ = {isa = PBXFileReference; explicitFileType = wrapper.application; includeInIndex = 0; path = ReusableXibViews.app; sourceTree = BUILT_PRODUCTS_DIR; };
		D04B64DD23CCAAD0008804CF /* AppDelegate.swift */ = {isa = PBXFileReference; lastKnownFileType = sourcecode.swift; path = AppDelegate.swift; sourceTree = "<group>"; };
		D04B64DF23CCAAD0008804CF /* SceneDelegate.swift */ = {isa = PBXFileReference; lastKnownFileType = sourcecode.swift; path = SceneDelegate.swift; sourceTree = "<group>"; };
		D04B64E123CCAAD0008804CF /* ViewController.swift */ = {isa = PBXFileReference; lastKnownFileType = sourcecode.swift; path = ViewController.swift; sourceTree = "<group>"; };
		D04B64E423CCAAD0008804CF /* Base */ = {isa = PBXFileReference; lastKnownFileType = file.storyboard; name = Base; path = Base.lproj/Main.storyboard; sourceTree = "<group>"; };
		D04B64E623CCAAD1008804CF /* Assets.xcassets */ = {isa = PBXFileReference; lastKnownFileType = folder.assetcatalog; path = Assets.xcassets; sourceTree = "<group>"; };
		D04B64E923CCAAD1008804CF /* Base */ = {isa = PBXFileReference; lastKnownFileType = file.storyboard; name = Base; path = Base.lproj/LaunchScreen.storyboard; sourceTree = "<group>"; };
		D04B64EB23CCAAD1008804CF /* Info.plist */ = {isa = PBXFileReference; lastKnownFileType = text.plist.xml; path = Info.plist; sourceTree = "<group>"; };
/* End PBXFileReference section */

/* Begin PBXFrameworksBuildPhase section */
		D04B64D723CCAAD0008804CF /* Frameworks */ = {
			isa = PBXFrameworksBuildPhase;
			buildActionMask = 2147483647;
			files = (
			);
			runOnlyForDeploymentPostprocessing = 0;
		};
/* End PBXFrameworksBuildPhase section */

/* Begin PBXGroup section */
		D04B64D123CCAAD0008804CF = {
			isa = PBXGroup;
			children = (
				D04B64DC23CCAAD0008804CF /* ReusableXibViews */,
				D04B64DB23CCAAD0008804CF /* Products */,
			);
			sourceTree = "<group>";
		};
		D04B64DB23CCAAD0008804CF /* Products */ = {
			isa = PBXGroup;
			children = (
				D04B64DA23CCAAD0008804CF /* ReusableXibViews.app */,
			);
			name = Products;
			sourceTree = "<group>";
		};
		D04B64DC23CCAAD0008804CF /* ReusableXibViews */ = {
			isa = PBXGroup;
			children = (
				D04B64DD23CCAAD0008804CF /* AppDelegate.swift */,
				D04B64DF23CCAAD0008804CF /* SceneDelegate.swift */,
				D04B64E123CCAAD0008804CF /* ViewController.swift */,
				D04B64E323CCAAD0008804CF /* Main.storyboard */,
				D04B64E623CCAAD1008804CF /* Assets.xcassets */,
				D04B64E823CCAAD1008804CF /* LaunchScreen.storyboard */,
				D04B64EB23CCAAD1008804CF /* Info.plist */,
			);
			path = ReusableXibViews;
			sourceTree = "<group>";
		};
/* End PBXGroup section */

/* Begin PBXNativeTarget section */
		D04B64D923CCAAD0008804CF /* ReusableXibViews */ = {
			isa = PBXNativeTarget;
			buildConfigurationList = D04B64EE23CCAAD1008804CF /* Build configuration list for PBXNativeTarget "ReusableXibViews" */;
			buildPhases = (
				D04B64D623CCAAD0008804CF /* Sources */,
				D04B64D723CCAAD0008804CF /* Frameworks */,
				D04B64D823CCAAD0008804CF /* Resources */,
			);
			buildRules = (
			);
			dependencies = (
			);
			name = ReusableXibViews;
			productName = ReusableXibViews;
			productReference = D04B64DA23CCAAD0008804CF /* ReusableXibViews.app */;
			productType = "com.apple.product-type.application";
		};
/* End PBXNativeTarget section */

/* Begin PBXProject section */
		D04B64D223CCAAD0008804CF /* Project object */ = {
			isa = PBXProject;
			attributes = {
				LastSwiftUpdateCheck = 1130;
				LastUpgradeCheck = 1130;
				ORGANIZATIONNAME = QSC;
				TargetAttributes = {
					D04B64D923CCAAD0008804CF = {
						CreatedOnToolsVersion = 11.3;
					};
				};
			};
			buildConfigurationList = D04B64D523CCAAD0008804CF /* Build configuration list for PBXProject "ReusableXibViews" */;
			compatibilityVersion = "Xcode 9.3";
			developmentRegion = en;
			hasScannedForEncodings = 0;
			knownRegions = (
				en,
				Base,
			);
			mainGroup = D04B64D123CCAAD0008804CF;
			productRefGroup = D04B64DB23CCAAD0008804CF /* Products */;
			projectDirPath = "";
			projectRoot = "";
			targets = (
				D04B64D923CCAAD0008804CF /* ReusableXibViews */,
			);
		};
/* End PBXProject section */

/* Begin PBXResourcesBuildPhase section */
		D04B64D823CCAAD0008804CF /* Resources */ = {
			isa = PBXResourcesBuildPhase;
			buildActionMask = 2147483647;
			files = (
				D04B64EA23CCAAD1008804CF /* LaunchScreen.storyboard in Resources */,
				D04B64E723CCAAD1008804CF /* Assets.xcassets in Resources */,
				D04B64E523CCAAD0008804CF /* Main.storyboard in Resources */,
			);
			runOnlyForDeploymentPostprocessing = 0;
		};
/* End PBXResourcesBuildPhase section */

/* Begin PBXSourcesBuildPhase section */
		D04B64D623CCAAD0008804CF /* Sources */ = {
			isa = PBXSourcesBuildPhase;
			buildActionMask = 2147483647;
			files = (
				D04B64E223CCAAD0008804CF /* ViewController.swift in Sources */,
				D04B64DE23CCAAD0008804CF /* AppDelegate.swift in Sources */,
				D04B64E023CCAAD0008804CF /* SceneDelegate.swift in Sources */,
			);
			runOnlyForDeploymentPostprocessing = 0;
		};
/* End PBXSourcesBuildPhase section */

/* Begin PBXVariantGroup section */
		D04B64E323CCAAD0008804CF /* Main.storyboard */ = {
			isa = PBXVariantGroup;
			children = (
				D04B64E423CCAAD0008804CF /* Base */,
			);
			name = Main.storyboard;
			sourceTree = "<group>";
		};
		D04B64E823CCAAD1008804CF /* LaunchScreen.storyboard */ = {
			isa = PBXVariantGroup;
			children = (
				D04B64E923CCAAD1008804CF /* Base */,
			);
			name = LaunchScreen.storyboard;
			sourceTree = "<group>";
		};
/* End PBXVariantGroup section */

/* Begin XCBuildConfiguration section */
		D04B64EC23CCAAD1008804CF /* Debug */ = {
			isa = XCBuildConfiguration;
			buildSettings = {
				ALWAYS_SEARCH_USER_PATHS = NO;
				CLANG_ANALYZER_NONNULL = YES;
				CLANG_ANALYZER_NUMBER_OBJECT_CONVERSION = YES_AGGRESSIVE;
				CLANG_CXX_LANGUAGE_STANDARD = "gnu++14";
				CLANG_CXX_LIBRARY = "libc++";
				CLANG_ENABLE_MODULES = YES;
				CLANG_ENABLE_OBJC_ARC = YES;
				CLANG_ENABLE_OBJC_WEAK = YES;
				CLANG_WARN_BLOCK_CAPTURE_AUTORELEASING = YES;
				CLANG_WARN_BOOL_CONVERSION = YES;
				CLANG_WARN_COMMA = YES;
				CLANG_WARN_CONSTANT_CONVERSION = YES;
				CLANG_WARN_DEPRECATED_OBJC_IMPLEMENTATIONS = YES;
				CLANG_WARN_DIRECT_OBJC_ISA_USAGE = YES_ERROR;
				CLANG_WARN_DOCUMENTATION_COMMENTS = YES;
				CLANG_WARN_EMPTY_BODY = YES;
				CLANG_WARN_ENUM_CONVERSION = YES;
				CLANG_WARN_INFINITE_RECURSION = YES;
				CLANG_WARN_INT_CONVERSION = YES;
				CLANG_WARN_NON_LITERAL_NULL_CONVERSION = YES;
				CLANG_WARN_OBJC_IMPLICIT_RETAIN_SELF = YES;
				CLANG_WARN_OBJC_LITERAL_CONVERSION = YES;
				CLANG_WARN_OBJC_ROOT_CLASS = YES_ERROR;
				CLANG_WARN_RANGE_LOOP_ANALYSIS = YES;
				CLANG_WARN_STRICT_PROTOTYPES = YES;
				CLANG_WARN_SUSPICIOUS_MOVE = YES;
				CLANG_WARN_UNGUARDED_AVAILABILITY = YES_AGGRESSIVE;
				CLANG_WARN_UNREACHABLE_CODE = YES;
				CLANG_WARN__DUPLICATE_METHOD_MATCH = YES;
				COPY_PHASE_STRIP = NO;
				DEBUG_INFORMATION_FORMAT = dwarf;
				ENABLE_STRICT_OBJC_MSGSEND = YES;
				ENABLE_TESTABILITY = YES;
				GCC_C_LANGUAGE_STANDARD = gnu11;
				GCC_DYNAMIC_NO_PIC = NO;
				GCC_NO_COMMON_BLOCKS = YES;
				GCC_OPTIMIZATION_LEVEL = 0;
				GCC_PREPROCESSOR_DEFINITIONS = (
					"DEBUG=1",
					"$(inherited)",
				);
				GCC_WARN_64_TO_32_BIT_CONVERSION = YES;
				GCC_WARN_ABOUT_RETURN_TYPE = YES_ERROR;
				GCC_WARN_UNDECLARED_SELECTOR = YES;
				GCC_WARN_UNINITIALIZED_AUTOS = YES_AGGRESSIVE;
				GCC_WARN_UNUSED_FUNCTION = YES;
				GCC_WARN_UNUSED_VARIABLE = YES;
				IPHONEOS_DEPLOYMENT_TARGET = 13.2;
				MTL_ENABLE_DEBUG_INFO = INCLUDE_SOURCE;
				MTL_FAST_MATH = YES;
				ONLY_ACTIVE_ARCH = YES;
				SDKROOT = iphoneos;
				SWIFT_ACTIVE_COMPILATION_CONDITIONS = DEBUG;
				SWIFT_OPTIMIZATION_LEVEL = "-Onone";
			};
			name = Debug;
		};
		D04B64ED23CCAAD1008804CF /* Release */ = {
			isa = XCBuildConfiguration;
			buildSettings = {
				ALWAYS_SEARCH_USER_PATHS = NO;
				CLANG_ANALYZER_NONNULL = YES;
				CLANG_ANALYZER_NUMBER_OBJECT_CONVERSION = YES_AGGRESSIVE;
				CLANG_CXX_LANGUAGE_STANDARD = "gnu++14";
				CLANG_CXX_LIBRARY = "libc++";
				CLANG_ENABLE_MODULES = YES;
				CLANG_ENABLE_OBJC_ARC = YES;
				CLANG_ENABLE_OBJC_WEAK = YES;
				CLANG_WARN_BLOCK_CAPTURE_AUTORELEASING = YES;
				CLANG_WARN_BOOL_CONVERSION = YES;
				CLANG_WARN_COMMA = YES;
				CLANG_WARN_CONSTANT_CONVERSION = YES;
				CLANG_WARN_DEPRECATED_OBJC_IMPLEMENTATIONS = YES;
				CLANG_WARN_DIRECT_OBJC_ISA_USAGE = YES_ERROR;
				CLANG_WARN_DOCUMENTATION_COMMENTS = YES;
				CLANG_WARN_EMPTY_BODY = YES;
				CLANG_WARN_ENUM_CONVERSION = YES;
				CLANG_WARN_INFINITE_RECURSION = YES;
				CLANG_WARN_INT_CONVERSION = YES;
				CLANG_WARN_NON_LITERAL_NULL_CONVERSION = YES;
				CLANG_WARN_OBJC_IMPLICIT_RETAIN_SELF = YES;
				CLANG_WARN_OBJC_LITERAL_CONVERSION = YES;
				CLANG_WARN_OBJC_ROOT_CLASS = YES_ERROR;
				CLANG_WARN_RANGE_LOOP_ANALYSIS = YES;
				CLANG_WARN_STRICT_PROTOTYPES = YES;
				CLANG_WARN_SUSPICIOUS_MOVE = YES;
				CLANG_WARN_UNGUARDED_AVAILABILITY = YES_AGGRESSIVE;
				CLANG_WARN_UNREACHABLE_CODE = YES;
				CLANG_WARN__DUPLICATE_METHOD_MATCH = YES;
				COPY_PHASE_STRIP = NO;
				DEBUG_INFORMATION_FORMAT = "dwarf-with-dsym";
				ENABLE_NS_ASSERTIONS = NO;
				ENABLE_STRICT_OBJC_MSGSEND = YES;
				GCC_C_LANGUAGE_STANDARD = gnu11;
				GCC_NO_COMMON_BLOCKS = YES;
				GCC_WARN_64_TO_32_BIT_CONVERSION = YES;
				GCC_WARN_ABOUT_RETURN_TYPE = YES_ERROR;
				GCC_WARN_UNDECLARED_SELECTOR = YES;
				GCC_WARN_UNINITIALIZED_AUTOS = YES_AGGRESSIVE;
				GCC_WARN_UNUSED_FUNCTION = YES;
				GCC_WARN_UNUSED_VARIABLE = YES;
				IPHONEOS_DEPLOYMENT_TARGET = 13.2;
				MTL_ENABLE_DEBUG_INFO = NO;
				MTL_FAST_MATH = YES;
				SDKROOT = iphoneos;
				SWIFT_COMPILATION_MODE = wholemodule;
				SWIFT_OPTIMIZATION_LEVEL = "-O";
				VALIDATE_PRODUCT = YES;
			};
			name = Release;
		};
		D04B64EF23CCAAD1008804CF /* Debug */ = {
			isa = XCBuildConfiguration;
			buildSettings = {
				ASSETCATALOG_COMPILER_APPICON_NAME = AppIcon;
				CODE_SIGN_STYLE = Automatic;
				DEVELOPMENT_TEAM = ZESASH83M5;
				INFOPLIST_FILE = ReusableXibViews/Info.plist;
				LD_RUNPATH_SEARCH_PATHS = (
					"$(inherited)",
					"@executable_path/Frameworks",
				);
				PRODUCT_BUNDLE_IDENTIFIER = com.qsc.ReusableXibViews;
				PRODUCT_NAME = "$(TARGET_NAME)";
				SWIFT_VERSION = 5.0;
				TARGETED_DEVICE_FAMILY = "1,2";
			};
			name = Debug;
		};
		D04B64F023CCAAD1008804CF /* Release */ = {
			isa = XCBuildConfiguration;
			buildSettings = {
				ASSETCATALOG_COMPILER_APPICON_NAME = AppIcon;
				CODE_SIGN_STYLE = Automatic;
				DEVELOPMENT_TEAM = ZESASH83M5;
				INFOPLIST_FILE = ReusableXibViews/Info.plist;
				LD_RUNPATH_SEARCH_PATHS = (
					"$(inherited)",
					"@executable_path/Frameworks",
				);
				PRODUCT_BUNDLE_IDENTIFIER = com.qsc.ReusableXibViews;
				PRODUCT_NAME = "$(TARGET_NAME)";
				SWIFT_VERSION = 5.0;
				TARGETED_DEVICE_FAMILY = "1,2";
			};
			name = Release;
		};
/* End XCBuildConfiguration section */

/* Begin XCConfigurationList section */
		D04B64D523CCAAD0008804CF /* Build configuration list for PBXProject "ReusableXibViews" */ = {
			isa = XCConfigurationList;
			buildConfigurations = (
				D04B64EC23CCAAD1008804CF /* Debug */,
				D04B64ED23CCAAD1008804CF /* Release */,
			);
			defaultConfigurationIsVisible = 0;
			defaultConfigurationName = Release;
		};
		D04B64EE23CCAAD1008804CF /* Build configuration list for PBXNativeTarget "ReusableXibViews" */ = {
			isa = XCConfigurationList;
			buildConfigurations = (
				D04B64EF23CCAAD1008804CF /* Debug */,
				D04B64F023CCAAD1008804CF /* Release */,
			);
			defaultConfigurationIsVisible = 0;
			defaultConfigurationName = Release;
		};
/* End XCConfigurationList section */
	};
	rootObject = D04B64D223CCAAD0008804CF /* Project object */;
}
